# generated by rye
# use `rye lock` or `rye sync` to update this lockfile
#
# last locked with the following flags:
#   pre: false
#   features: []
#   all-features: false
#   with-sources: false
#   generate-hashes: false

-e file:.
accessible-pygments==0.0.5
    # via pydata-sphinx-theme
alabaster==0.7.16
    # via sphinx
appnope==0.1.4
    # via ipykernel
asttokens==2.4.1
    # via stack-data
attrs==23.2.0
    # via jsonschema
    # via jupyter-cache
    # via referencing
babel==2.15.0
    # via pydata-sphinx-theme
    # via sphinx
beautifulsoup4==4.12.3
    # via pydata-sphinx-theme
certifi==2024.6.2
    # via requests
charset-normalizer==3.3.2
    # via requests
click==8.1.7
    # via jupyter-book
    # via jupyter-cache
    # via sphinx-external-toc
comm==0.2.2
    # via ipykernel
debugpy==1.8.1
    # via ipykernel
decorator==5.1.1
    # via ipython
docutils==0.20.1
    # via myst-parser
    # via pybtex-docutils
    # via pydata-sphinx-theme
    # via sphinx
    # via sphinx-togglebutton
    # via sphinxcontrib-bibtex
executing==2.0.1
    # via stack-data
fastjsonschema==2.20.0
    # via nbformat
idna==3.7
    # via requests
imagesize==1.4.1
    # via sphinx
importlib-metadata==7.1.0
    # via jupyter-cache
    # via myst-nb
ipykernel==6.29.4
    # via myst-nb
ipython==8.25.0
    # via ipykernel
    # via myst-nb
jedi==0.19.1
    # via ipython
jinja2==3.1.4
    # via jupyter-book
    # via myst-parser
    # via sphinx
jsonschema==4.22.0
    # via jupyter-book
    # via nbformat
jsonschema-specifications==2023.12.1
    # via jsonschema
jupyter-book==1.0.0
    # via jupyter-book-epub
jupyter-cache==1.0.0
    # via myst-nb
jupyter-client==8.6.2
    # via ipykernel
    # via nbclient
jupyter-core==5.7.2
    # via ipykernel
    # via jupyter-client
    # via nbclient
    # via nbformat
latexcodec==3.0.0
    # via pybtex
linkify-it-py==2.0.3
    # via jupyter-book
markdown-it-py==3.0.0
    # via mdit-py-plugins
    # via myst-parser
markupsafe==2.1.5
    # via jinja2
matplotlib-inline==0.1.7
    # via ipykernel
    # via ipython
mdit-py-plugins==0.4.1
    # via myst-parser
mdurl==0.1.2
    # via markdown-it-py
myst-nb==1.1.0
    # via jupyter-book
myst-parser==2.0.0
    # via jupyter-book
    # via myst-nb
nbclient==0.10.0
    # via jupyter-cache
    # via myst-nb
nbformat==5.10.4
    # via jupyter-cache
    # via myst-nb
    # via nbclient
nest-asyncio==1.6.0
    # via ipykernel
packaging==24.1
    # via ipykernel
    # via pydata-sphinx-theme
    # via sphinx
    # via sphinx-jupyterbook-latex
parso==0.8.4
    # via jedi
pexpect==4.9.0
    # via ipython
platformdirs==4.2.2
    # via jupyter-core
prompt-toolkit==3.0.47
    # via ipython
psutil==5.9.8
    # via ipykernel
ptyprocess==0.7.0
    # via pexpect
pure-eval==0.2.2
    # via stack-data
pybtex==0.24.0
    # via pybtex-docutils
    # via sphinxcontrib-bibtex
pybtex-docutils==1.0.3
    # via sphinxcontrib-bibtex
pydata-sphinx-theme==0.15.3
    # via sphinx-book-theme
pygments==2.18.0
    # via accessible-pygments
    # via ipython
    # via pydata-sphinx-theme
    # via sphinx
python-dateutil==2.9.0.post0
    # via jupyter-client
pyyaml==6.0.1
    # via jupyter-book
    # via jupyter-cache
    # via myst-nb
    # via myst-parser
    # via pybtex
    # via sphinx-external-toc
pyzmq==26.0.3
    # via ipykernel
    # via jupyter-client
referencing==0.35.1
    # via jsonschema
    # via jsonschema-specifications
requests==2.32.3
    # via sphinx
rpds-py==0.18.1
    # via jsonschema
    # via referencing
setuptools==70.0.0
    # via sphinx-togglebutton
six==1.16.0
    # via asttokens
    # via pybtex
    # via python-dateutil
snowballstemmer==2.2.0
    # via sphinx
soupsieve==2.5
    # via beautifulsoup4
sphinx==7.3.7
    # via jupyter-book
    # via myst-nb
    # via myst-parser
    # via pydata-sphinx-theme
    # via sphinx-book-theme
    # via sphinx-comments
    # via sphinx-copybutton
    # via sphinx-design
    # via sphinx-external-toc
    # via sphinx-jupyterbook-latex
    # via sphinx-multitoc-numbering
    # via sphinx-thebe
    # via sphinx-togglebutton
    # via sphinxcontrib-bibtex
sphinx-book-theme==1.1.3
    # via jupyter-book
sphinx-comments==0.0.3
    # via jupyter-book
sphinx-copybutton==0.5.2
    # via jupyter-book
sphinx-design==0.6.0
    # via jupyter-book
sphinx-external-toc==1.0.1
    # via jupyter-book
sphinx-jupyterbook-latex==1.0.0
    # via jupyter-book
sphinx-multitoc-numbering==0.1.3
    # via jupyter-book
sphinx-thebe==0.3.1
    # via jupyter-book
sphinx-togglebutton==0.3.2
    # via jupyter-book
sphinxcontrib-applehelp==1.0.8
    # via sphinx
sphinxcontrib-bibtex==2.6.2
    # via jupyter-book
sphinxcontrib-devhelp==1.0.6
    # via sphinx
sphinxcontrib-htmlhelp==2.0.5
    # via sphinx
sphinxcontrib-jsmath==1.0.1
    # via sphinx
sphinxcontrib-qthelp==1.0.7
    # via sphinx
sphinxcontrib-serializinghtml==1.1.10
    # via sphinx
sqlalchemy==2.0.30
    # via jupyter-cache
stack-data==0.6.3
    # via ipython
tabulate==0.9.0
    # via jupyter-cache
tornado==6.4.1
    # via ipykernel
    # via jupyter-client
traitlets==5.14.3
    # via comm
    # via ipykernel
    # via ipython
    # via jupyter-client
    # via jupyter-core
    # via matplotlib-inline
    # via nbclient
    # via nbformat
typing-extensions==4.12.2
    # via myst-nb
    # via pydata-sphinx-theme
    # via sqlalchemy
uc-micro-py==1.0.3
    # via linkify-it-py
urllib3==2.2.2
    # via requests
wcwidth==0.2.13
    # via prompt-toolkit
wheel==0.43.0
    # via sphinx-togglebutton
zipp==3.19.2
    # via importlib-metadata
